
Microsoft Visual Studio Solution File, Format Version 12.00
# Visual Studio Version 16
VisualStudioVersion = 16.0.31424.327
MinimumVisualStudioVersion = 10.0.40219.1
Project("{FAE04EC0-301F-11D3-BF4B-00C04F79EFBC}") = "FileUpload", "FileUpload.csproj", "{D287E73B-581E-407F-AFA1-3A6133540E22}"
EndProject
Global
	GlobalSection(SolutionConfigurationPlatforms) = preSolution
		Debug|Any CPU = Debug|Any CPU
		Release|Any CPU = Release|Any CPU
	EndGlobalSection
	GlobalSection(ProjectConfigurationPlatforms) = postSolution
		{D287E73B-581E-407F-AFA1-3A6133540E22}.Debug|Any CPU.ActiveCfg = Debug|Any CPU
		{D287E73B-581E-407F-AFA1-3A6133540E22}.Debug|Any CPU.Build.0 = Debug|Any CPU
		{D287E73B-581E-407F-AFA1-3A6133540E22}.Release|Any CPU.ActiveCfg = Release|Any CPU
		{D287E73B-581E-407F-AFA1-3A6133540E22}.Release|Any CPU.Build.0 = Release|Any CPU
	EndGlobalSection
	GlobalSection(SolutionProperties) = preSolution
		HideSolutionNode = FALSE
	EndGlobalSection
	GlobalSection(ExtensibilityGlobals) = postSolution
		SolutionGuid = {5A198FD5-4B9A-424A-AB85-3DA70E54118D}
	EndGlobalSection
EndGlobal
