
Microsoft Visual Studio Solution File, Format Version 12.00
# Visual Studio Version 16
VisualStudioVersion = 16.0.31424.327
MinimumVisualStudioVersion = 10.0.40219.1
Project("{FAE04EC0-301F-11D3-BF4B-00C04F79EFBC}") = "WebApplication3", "WebApplication3.csproj", "{53D74072-41CD-4CF6-9611-9F20018D4E8F}"
EndProject
Global
	GlobalSection(SolutionConfigurationPlatforms) = preSolution
		Debug|Any CPU = Debug|Any CPU
		Release|Any CPU = Release|Any CPU
	EndGlobalSection
	GlobalSection(ProjectConfigurationPlatforms) = postSolution
		{53D74072-41CD-4CF6-9611-9F20018D4E8F}.Debug|Any CPU.ActiveCfg = Debug|Any CPU
		{53D74072-41CD-4CF6-9611-9F20018D4E8F}.Debug|Any CPU.Build.0 = Debug|Any CPU
		{53D74072-41CD-4CF6-9611-9F20018D4E8F}.Release|Any CPU.ActiveCfg = Release|Any CPU
		{53D74072-41CD-4CF6-9611-9F20018D4E8F}.Release|Any CPU.Build.0 = Release|Any CPU
	EndGlobalSection
	GlobalSection(SolutionProperties) = preSolution
		HideSolutionNode = FALSE
	EndGlobalSection
	GlobalSection(ExtensibilityGlobals) = postSolution
		SolutionGuid = {35A0B65D-E2BC-4023-9B5B-51658AD09FBB}
	EndGlobalSection
EndGlobal
