
Microsoft Visual Studio Solution File, Format Version 12.00
# Visual Studio Version 16
VisualStudioVersion = 16.0.31424.327
MinimumVisualStudioVersion = 10.0.40219.1
Project("{FAE04EC0-301F-11D3-BF4B-00C04F79EFBC}") = "Treeview", "Treeview.csproj", "{32E1CA29-1227-4A68-B0AB-EC6BA0CF7EDB}"
EndProject
Global
	GlobalSection(SolutionConfigurationPlatforms) = preSolution
		Debug|Any CPU = Debug|Any CPU
		Release|Any CPU = Release|Any CPU
	EndGlobalSection
	GlobalSection(ProjectConfigurationPlatforms) = postSolution
		{32E1CA29-1227-4A68-B0AB-EC6BA0CF7EDB}.Debug|Any CPU.ActiveCfg = Debug|Any CPU
		{32E1CA29-1227-4A68-B0AB-EC6BA0CF7EDB}.Debug|Any CPU.Build.0 = Debug|Any CPU
		{32E1CA29-1227-4A68-B0AB-EC6BA0CF7EDB}.Release|Any CPU.ActiveCfg = Release|Any CPU
		{32E1CA29-1227-4A68-B0AB-EC6BA0CF7EDB}.Release|Any CPU.Build.0 = Release|Any CPU
	EndGlobalSection
	GlobalSection(SolutionProperties) = preSolution
		HideSolutionNode = FALSE
	EndGlobalSection
	GlobalSection(ExtensibilityGlobals) = postSolution
		SolutionGuid = {5E50887E-EDC3-4CF9-A68B-4B96B7823C5C}
	EndGlobalSection
EndGlobal
